PODS:
  - PPLSShareFont (0.1.0)
  - SnapKit (5.7.1)

DEPENDENCIES:
  - PPLSShareFont (from `../`)
  - SnapKit

SPEC REPOS:
  trunk:
    - SnapKit

EXTERNAL SOURCES:
  PPLSShareFont:
    :path: "../"

SPEC CHECKSUMS:
  PPLSShareFont: 7f27437f098f7231987cdb9816076764f6267196
  SnapKit: d612e99e678a2d3b95bf60b0705ed0a35c03484a

PODFILE CHECKSUM: ecbbaf102409321e68c8b957d219faef53ca9216

COCOAPODS: 1.16.2
