PODS:
  - PPLSShareFont (0.1.0)
  - SnapKit (5.7.1)

DEPENDENCIES:
  - PPLSShareFont (from `../`)
  - SnapKit

SPEC REPOS:
  trunk:
    - SnapKit

EXTERNAL SOURCES:
  PPLSShareFont:
    :path: "../"

SPEC CHECKSUMS:
  PPLSShareFont: d79972d7e35679ab7a118c38f5e85d1e6ef49358
  SnapKit: d612e99e678a2d3b95bf60b0705ed0a35c03484a

PODFILE CHECKSUM: ecbbaf102409321e68c8b957d219faef53ca9216

COCOAPODS: 1.16.2
